<Solution>
  <Folder Name="/src/">
    <Project Path="src/AkkaSync.Plugins.HistoryStore.InMemory/AkkaSync.Plugins.HistoryStore.InMemory.csproj" />
    <Project Path="src/AkkaSync.Plugins.Sink.Sqlite/AkkaSync.Plugins.Sink.Sqlite.csproj" />
    <Project Path="src/AkkaSync.Plugins.Source.File/AkkaSync.Plugins.Source.File.csproj" />
    <Project Path="src/AkkaSync.Plugins.Source.SqlServer/AkkaSync.Plugins.Source.SqlServer.csproj" />
    <Project Path="src/AkkaSync.Plugins.Transformer.DbTable/AkkaSync.Plugins.Transformer.DbTable.csproj" />
  </Folder>
</Solution>
