Microsoft Visual Studio Solution File, Format Version 12.00
# Visual Studio Version 17
VisualStudioVersion = 17.5.2.0
MinimumVisualStudioVersion = 10.0.40219.1
Project("{2150E333-8FDC-42A3-9474-1A3956D46DE8}") = "src", "src", "{827E0CD3-B72D-47B6-A68D-7590B98EB39B}"
EndProject
Project("{FAE04EC0-301F-11D3-BF4B-00C04F79EFBC}") = "AkkaSync.Plugins.Source.SqlServer", "src\AkkaSync.Plugins.Source.SqlServer\AkkaSync.Plugins.Source.SqlServer.csproj", "{12599636-61DE-22F2-FF0B-99A543F7E6DC}"
EndProject
Project("{FAE04EC0-301F-11D3-BF4B-00C04F79EFBC}") = "AkkaSync.Plugins.HistoryStore.InMemory", "src\AkkaSync.Plugins.HistoryStore.InMemory\AkkaSync.Plugins.HistoryStore.InMemory.csproj", "{5447E630-2CD8-ED98-691B-092BD3BCB89F}"
EndProject
Project("{FAE04EC0-301F-11D3-BF4B-00C04F79EFBC}") = "AkkaSync.Plugins.Source.File", "src\AkkaSync.Plugins.Source.File\AkkaSync.Plugins.Source.File.csproj", "{F7552922-4413-E85C-240D-BE55BE0AFC4D}"
EndProject
Project("{FAE04EC0-301F-11D3-BF4B-00C04F79EFBC}") = "AkkaSync.Plugins.Transformer.DbTable", "src\AkkaSync.Plugins.Transformer.DbTable\AkkaSync.Plugins.Transformer.DbTable.csproj", "{B43A0FF9-3234-F7C3-01D2-1BE518BD7E0F}"
EndProject
Project("{FAE04EC0-301F-11D3-BF4B-00C04F79EFBC}") = "AkkaSync.Plugins.Sink.Sqlite", "src\AkkaSync.Plugins.Sink.Sqlite\AkkaSync.Plugins.Sink.Sqlite.csproj", "{EC1EC49C-2334-445D-1D62-E7CC52E1242E}"
EndProject
Global
	GlobalSection(SolutionConfigurationPlatforms) = preSolution
		Debug|Any CPU = Debug|Any CPU
		Release|Any CPU = Release|Any CPU
	EndGlobalSection
	GlobalSection(ProjectConfigurationPlatforms) = postSolution
		{12599636-61DE-22F2-FF0B-99A543F7E6DC}.Debug|Any CPU.ActiveCfg = Debug|Any CPU
		{12599636-61DE-22F2-FF0B-99A543F7E6DC}.Debug|Any CPU.Build.0 = Debug|Any CPU
		{12599636-61DE-22F2-FF0B-99A543F7E6DC}.Release|Any CPU.ActiveCfg = Release|Any CPU
		{12599636-61DE-22F2-FF0B-99A543F7E6DC}.Release|Any CPU.Build.0 = Release|Any CPU
		{5447E630-2CD8-ED98-691B-092BD3BCB89F}.Debug|Any CPU.ActiveCfg = Debug|Any CPU
		{5447E630-2CD8-ED98-691B-092BD3BCB89F}.Debug|Any CPU.Build.0 = Debug|Any CPU
		{5447E630-2CD8-ED98-691B-092BD3BCB89F}.Release|Any CPU.ActiveCfg = Release|Any CPU
		{5447E630-2CD8-ED98-691B-092BD3BCB89F}.Release|Any CPU.Build.0 = Release|Any CPU
		{F7552922-4413-E85C-240D-BE55BE0AFC4D}.Debug|Any CPU.ActiveCfg = Debug|Any CPU
		{F7552922-4413-E85C-240D-BE55BE0AFC4D}.Debug|Any CPU.Build.0 = Debug|Any CPU
		{F7552922-4413-E85C-240D-BE55BE0AFC4D}.Release|Any CPU.ActiveCfg = Release|Any CPU
		{F7552922-4413-E85C-240D-BE55BE0AFC4D}.Release|Any CPU.Build.0 = Release|Any CPU
		{B43A0FF9-3234-F7C3-01D2-1BE518BD7E0F}.Debug|Any CPU.ActiveCfg = Debug|Any CPU
		{B43A0FF9-3234-F7C3-01D2-1BE518BD7E0F}.Debug|Any CPU.Build.0 = Debug|Any CPU
		{B43A0FF9-3234-F7C3-01D2-1BE518BD7E0F}.Release|Any CPU.ActiveCfg = Release|Any CPU
		{B43A0FF9-3234-F7C3-01D2-1BE518BD7E0F}.Release|Any CPU.Build.0 = Release|Any CPU
		{EC1EC49C-2334-445D-1D62-E7CC52E1242E}.Debug|Any CPU.ActiveCfg = Debug|Any CPU
		{EC1EC49C-2334-445D-1D62-E7CC52E1242E}.Debug|Any CPU.Build.0 = Debug|Any CPU
		{EC1EC49C-2334-445D-1D62-E7CC52E1242E}.Release|Any CPU.ActiveCfg = Release|Any CPU
		{EC1EC49C-2334-445D-1D62-E7CC52E1242E}.Release|Any CPU.Build.0 = Release|Any CPU
	EndGlobalSection
	GlobalSection(SolutionProperties) = preSolution
		HideSolutionNode = FALSE
	EndGlobalSection
	GlobalSection(NestedProjects) = preSolution
		{12599636-61DE-22F2-FF0B-99A543F7E6DC} = {827E0CD3-B72D-47B6-A68D-7590B98EB39B}
		{5447E630-2CD8-ED98-691B-092BD3BCB89F} = {827E0CD3-B72D-47B6-A68D-7590B98EB39B}
		{F7552922-4413-E85C-240D-BE55BE0AFC4D} = {827E0CD3-B72D-47B6-A68D-7590B98EB39B}
		{B43A0FF9-3234-F7C3-01D2-1BE518BD7E0F} = {827E0CD3-B72D-47B6-A68D-7590B98EB39B}
		{EC1EC49C-2334-445D-1D62-E7CC52E1242E} = {827E0CD3-B72D-47B6-A68D-7590B98EB39B}
	EndGlobalSection
	GlobalSection(ExtensibilityGlobals) = postSolution
		SolutionGuid = {63DA6A81-2559-4A2A-BEB6-D78B9A36EE78}
	EndGlobalSection
EndGlobal
